// !$*UTF8*$!
{
	archiveVersion = 1;
	classes = {
	};
	objectVersion = 46;
	objects = {

/* Begin PBXBuildFile section */
		6C3DBF911382F1BA00E6C9AA /* Foundation.framework in Frameworks */ = {isa = PBXBuildFile; fileRef = 6C3DBF901382F1BA00E6C9AA /* Foundation.framework */; };
		6C3DBFA01382F27300E6C9AA /* NSArray+BlocksKit.m in Sources */ = {isa = PBXBuildFile; fileRef = 6C3DBF9E1382F27300E6C9AA /* NSArray+BlocksKit.m */; };
		6C3DBFA11382F27300E6C9AA /* NSArray+BlocksKit.h in Headers */ = {isa = PBXBuildFile; fileRef = 6C3DBF9F1382F27300E6C9AA /* NSArray+BlocksKit.h */; };
		6C3DBFAB1382FD3B00E6C9AA /* NSSet+BlocksKit.h in Headers */ = {isa = PBXBuildFile; fileRef = 6C3DBFA91382FD3B00E6C9AA /* NSSet+BlocksKit.h */; };
		6C3DBFAC1382FD3B00E6C9AA /* NSSet+BlocksKit.m in Sources */ = {isa = PBXBuildFile; fileRef = 6C3DBFAA1382FD3B00E6C9AA /* NSSet+BlocksKit.m */; };
		6C3DBFB01383010100E6C9AA /* NSDictionary+BlocksKit.h in Headers */ = {isa = PBXBuildFile; fileRef = 6C3DBFAE1383010000E6C9AA /* NSDictionary+BlocksKit.h */; };
		6C3DBFB11383010100E6C9AA /* NSDictionary+BlocksKit.m in Sources */ = {isa = PBXBuildFile; fileRef = 6C3DBFAF1383010000E6C9AA /* NSDictionary+BlocksKit.m */; };
		6C3DBFB31383044600E6C9AA /* BlocksKit.h in Headers */ = {isa = PBXBuildFile; fileRef = 6C3DBFB21383044600E6C9AA /* BlocksKit.h */; };
		6C3DBFB51383050F00E6C9AA /* BKMacros.h in Headers */ = {isa = PBXBuildFile; fileRef = 6C3DBFB41383050F00E6C9AA /* BKMacros.h */; };
		6C3DBFB81383085900E6C9AA /* NSObject+BlocksKit.h in Headers */ = {isa = PBXBuildFile; fileRef = 6C3DBFB61383085800E6C9AA /* NSObject+BlocksKit.h */; };
		6C3DBFB91383085900E6C9AA /* NSObject+BlocksKit.m in Sources */ = {isa = PBXBuildFile; fileRef = 6C3DBFB71383085800E6C9AA /* NSObject+BlocksKit.m */; };
		6C3DBFD4138318CB00E6C9AA /* NSObject+AssociatedObjects.h in Headers */ = {isa = PBXBuildFile; fileRef = 6C3DBFD2138318C900E6C9AA /* NSObject+AssociatedObjects.h */; };
		6C3DBFD5138318CB00E6C9AA /* NSObject+AssociatedObjects.m in Sources */ = {isa = PBXBuildFile; fileRef = 6C3DBFD3138318CA00E6C9AA /* NSObject+AssociatedObjects.m */; };
		6C3DBFDC1383202400E6C9AA /* NSObject+BlockObservation.h in Headers */ = {isa = PBXBuildFile; fileRef = 6C3DBFDA1383202400E6C9AA /* NSObject+BlockObservation.h */; };
		6C3DBFDD1383202400E6C9AA /* NSObject+BlockObservation.m in Sources */ = {isa = PBXBuildFile; fileRef = 6C3DBFDB1383202400E6C9AA /* NSObject+BlockObservation.m */; };
/* End PBXBuildFile section */

/* Begin PBXFileReference section */
		6C3DBF8D1382F1BA00E6C9AA /* libBlocksKit.a */ = {isa = PBXFileReference; explicitFileType = archive.ar; includeInIndex = 0; path = libBlocksKit.a; sourceTree = BUILT_PRODUCTS_DIR; };
		6C3DBF901382F1BA00E6C9AA /* Foundation.framework */ = {isa = PBXFileReference; lastKnownFileType = wrapper.framework; name = Foundation.framework; path = System/Library/Frameworks/Foundation.framework; sourceTree = SDKROOT; };
		6C3DBF941382F1BA00E6C9AA /* BlocksKit-Prefix.pch */ = {isa = PBXFileReference; lastKnownFileType = sourcecode.c.h; path = "BlocksKit-Prefix.pch"; sourceTree = "<group>"; };
		6C3DBF9A1382F1EA00E6C9AA /* README */ = {isa = PBXFileReference; fileEncoding = 4; lastKnownFileType = text; path = README; sourceTree = SOURCE_ROOT; };
		6C3DBF9E1382F27300E6C9AA /* NSArray+BlocksKit.m */ = {isa = PBXFileReference; fileEncoding = 4; lastKnownFileType = sourcecode.c.objc; path = "NSArray+BlocksKit.m"; sourceTree = "<group>"; };
		6C3DBF9F1382F27300E6C9AA /* NSArray+BlocksKit.h */ = {isa = PBXFileReference; fileEncoding = 4; lastKnownFileType = sourcecode.c.h; path = "NSArray+BlocksKit.h"; sourceTree = "<group>"; };
		6C3DBFA91382FD3B00E6C9AA /* NSSet+BlocksKit.h */ = {isa = PBXFileReference; fileEncoding = 4; lastKnownFileType = sourcecode.c.h; path = "NSSet+BlocksKit.h"; sourceTree = "<group>"; };
		6C3DBFAA1382FD3B00E6C9AA /* NSSet+BlocksKit.m */ = {isa = PBXFileReference; fileEncoding = 4; lastKnownFileType = sourcecode.c.objc; path = "NSSet+BlocksKit.m"; sourceTree = "<group>"; };
		6C3DBFAE1383010000E6C9AA /* NSDictionary+BlocksKit.h */ = {isa = PBXFileReference; fileEncoding = 4; lastKnownFileType = sourcecode.c.h; path = "NSDictionary+BlocksKit.h"; sourceTree = "<group>"; };
		6C3DBFAF1383010000E6C9AA /* NSDictionary+BlocksKit.m */ = {isa = PBXFileReference; fileEncoding = 4; lastKnownFileType = sourcecode.c.objc; path = "NSDictionary+BlocksKit.m"; sourceTree = "<group>"; };
		6C3DBFB21383044600E6C9AA /* BlocksKit.h */ = {isa = PBXFileReference; fileEncoding = 4; lastKnownFileType = sourcecode.c.h; path = BlocksKit.h; sourceTree = "<group>"; };
		6C3DBFB41383050F00E6C9AA /* BKMacros.h */ = {isa = PBXFileReference; fileEncoding = 4; lastKnownFileType = sourcecode.c.h; path = BKMacros.h; sourceTree = "<group>"; };
		6C3DBFB61383085800E6C9AA /* NSObject+BlocksKit.h */ = {isa = PBXFileReference; fileEncoding = 4; lastKnownFileType = sourcecode.c.h; path = "NSObject+BlocksKit.h"; sourceTree = "<group>"; };
		6C3DBFB71383085800E6C9AA /* NSObject+BlocksKit.m */ = {isa = PBXFileReference; fileEncoding = 4; lastKnownFileType = sourcecode.c.objc; path = "NSObject+BlocksKit.m"; sourceTree = "<group>"; };
		6C3DBFD2138318C900E6C9AA /* NSObject+AssociatedObjects.h */ = {isa = PBXFileReference; fileEncoding = 4; lastKnownFileType = sourcecode.c.h; path = "NSObject+AssociatedObjects.h"; sourceTree = "<group>"; };
		6C3DBFD3138318CA00E6C9AA /* NSObject+AssociatedObjects.m */ = {isa = PBXFileReference; fileEncoding = 4; lastKnownFileType = sourcecode.c.objc; path = "NSObject+AssociatedObjects.m"; sourceTree = "<group>"; };
		6C3DBFDA1383202400E6C9AA /* NSObject+BlockObservation.h */ = {isa = PBXFileReference; fileEncoding = 4; lastKnownFileType = sourcecode.c.h; path = "NSObject+BlockObservation.h"; sourceTree = "<group>"; };
		6C3DBFDB1383202400E6C9AA /* NSObject+BlockObservation.m */ = {isa = PBXFileReference; fileEncoding = 4; lastKnownFileType = sourcecode.c.objc; path = "NSObject+BlockObservation.m"; sourceTree = "<group>"; };
/* End PBXFileReference section */

/* Begin PBXFrameworksBuildPhase section */
		6C3DBF8A1382F1BA00E6C9AA /* Frameworks */ = {
			isa = PBXFrameworksBuildPhase;
			buildActionMask = 2147483647;
			files = (
				6C3DBF911382F1BA00E6C9AA /* Foundation.framework in Frameworks */,
			);
			runOnlyForDeploymentPostprocessing = 0;
		};
/* End PBXFrameworksBuildPhase section */

/* Begin PBXGroup section */
		6C3DBF821382F1BA00E6C9AA = {
			isa = PBXGroup;
			children = (
				6C3DBF921382F1BA00E6C9AA /* BlocksKit */,
				6C3DBF8F1382F1BA00E6C9AA /* Frameworks */,
				6C3DBF8E1382F1BA00E6C9AA /* Products */,
			);
			sourceTree = "<group>";
		};
		6C3DBF8E1382F1BA00E6C9AA /* Products */ = {
			isa = PBXGroup;
			children = (
				6C3DBF8D1382F1BA00E6C9AA /* libBlocksKit.a */,
			);
			name = Products;
			sourceTree = "<group>";
		};
		6C3DBF8F1382F1BA00E6C9AA /* Frameworks */ = {
			isa = PBXGroup;
			children = (
				6C3DBF901382F1BA00E6C9AA /* Foundation.framework */,
			);
			name = Frameworks;
			sourceTree = "<group>";
		};
		6C3DBF921382F1BA00E6C9AA /* BlocksKit */ = {
			isa = PBXGroup;
			children = (
				6C3DBF9F1382F27300E6C9AA /* NSArray+BlocksKit.h */,
				6C3DBF9E1382F27300E6C9AA /* NSArray+BlocksKit.m */,
				6C3DBFA91382FD3B00E6C9AA /* NSSet+BlocksKit.h */,
				6C3DBFAA1382FD3B00E6C9AA /* NSSet+BlocksKit.m */,
				6C3DBFAE1383010000E6C9AA /* NSDictionary+BlocksKit.h */,
				6C3DBFAF1383010000E6C9AA /* NSDictionary+BlocksKit.m */,
				6C3DBFB61383085800E6C9AA /* NSObject+BlocksKit.h */,
				6C3DBFB71383085800E6C9AA /* NSObject+BlocksKit.m */,
				6C3DBFB41383050F00E6C9AA /* BKMacros.h */,
				6C3DBFB21383044600E6C9AA /* BlocksKit.h */,
				6C3DBFDA1383202400E6C9AA /* NSObject+BlockObservation.h */,
				6C3DBFDB1383202400E6C9AA /* NSObject+BlockObservation.m */,
				6C3DBFD2138318C900E6C9AA /* NSObject+AssociatedObjects.h */,
				6C3DBFD3138318CA00E6C9AA /* NSObject+AssociatedObjects.m */,
				6C3DBF931382F1BA00E6C9AA /* Supporting Files */,
			);
			path = BlocksKit;
			sourceTree = "<group>";
		};
		6C3DBF931382F1BA00E6C9AA /* Supporting Files */ = {
			isa = PBXGroup;
			children = (
				6C3DBF941382F1BA00E6C9AA /* BlocksKit-Prefix.pch */,
				6C3DBF9A1382F1EA00E6C9AA /* README */,
			);
			name = "Supporting Files";
			sourceTree = "<group>";
		};
/* End PBXGroup section */

/* Begin PBXHeadersBuildPhase section */
		6C3DBF8B1382F1BA00E6C9AA /* Headers */ = {
			isa = PBXHeadersBuildPhase;
			buildActionMask = 2147483647;
			files = (
				6C3DBFA11382F27300E6C9AA /* NSArray+BlocksKit.h in Headers */,
				6C3DBFAB1382FD3B00E6C9AA /* NSSet+BlocksKit.h in Headers */,
				6C3DBFB01383010100E6C9AA /* NSDictionary+BlocksKit.h in Headers */,
				6C3DBFB31383044600E6C9AA /* BlocksKit.h in Headers */,
				6C3DBFB51383050F00E6C9AA /* BKMacros.h in Headers */,
				6C3DBFB81383085900E6C9AA /* NSObject+BlocksKit.h in Headers */,
				6C3DBFD4138318CB00E6C9AA /* NSObject+AssociatedObjects.h in Headers */,
				6C3DBFDC1383202400E6C9AA /* NSObject+BlockObservation.h in Headers */,
			);
			runOnlyForDeploymentPostprocessing = 0;
		};
/* End PBXHeadersBuildPhase section */

/* Begin PBXNativeTarget section */
		6C3DBF8C1382F1BA00E6C9AA /* BlocksKit */ = {
			isa = PBXNativeTarget;
			buildConfigurationList = 6C3DBF971382F1BA00E6C9AA /* Build configuration list for PBXNativeTarget "BlocksKit" */;
			buildPhases = (
				6C3DBF891382F1BA00E6C9AA /* Sources */,
				6C3DBF8A1382F1BA00E6C9AA /* Frameworks */,
				6C3DBF8B1382F1BA00E6C9AA /* Headers */,
			);
			buildRules = (
			);
			dependencies = (
			);
			name = BlocksKit;
			productName = BlocksKit;
			productReference = 6C3DBF8D1382F1BA00E6C9AA /* libBlocksKit.a */;
			productType = "com.apple.product-type.library.static";
		};
/* End PBXNativeTarget section */

/* Begin PBXProject section */
		6C3DBF841382F1BA00E6C9AA /* Project object */ = {
			isa = PBXProject;
			attributes = {
				ORGANIZATIONNAME = "Dizzy Technology";
			};
			buildConfigurationList = 6C3DBF871382F1BA00E6C9AA /* Build configuration list for PBXProject "BlocksKit" */;
			compatibilityVersion = "Xcode 3.2";
			developmentRegion = English;
			hasScannedForEncodings = 0;
			knownRegions = (
				en,
			);
			mainGroup = 6C3DBF821382F1BA00E6C9AA;
			productRefGroup = 6C3DBF8E1382F1BA00E6C9AA /* Products */;
			projectDirPath = "";
			projectRoot = "";
			targets = (
				6C3DBF8C1382F1BA00E6C9AA /* BlocksKit */,
			);
		};
/* End PBXProject section */

/* Begin PBXSourcesBuildPhase section */
		6C3DBF891382F1BA00E6C9AA /* Sources */ = {
			isa = PBXSourcesBuildPhase;
			buildActionMask = 2147483647;
			files = (
				6C3DBFA01382F27300E6C9AA /* NSArray+BlocksKit.m in Sources */,
				6C3DBFAC1382FD3B00E6C9AA /* NSSet+BlocksKit.m in Sources */,
				6C3DBFB11383010100E6C9AA /* NSDictionary+BlocksKit.m in Sources */,
				6C3DBFB91383085900E6C9AA /* NSObject+BlocksKit.m in Sources */,
				6C3DBFD5138318CB00E6C9AA /* NSObject+AssociatedObjects.m in Sources */,
				6C3DBFDD1383202400E6C9AA /* NSObject+BlockObservation.m in Sources */,
			);
			runOnlyForDeploymentPostprocessing = 0;
		};
/* End PBXSourcesBuildPhase section */

/* Begin XCBuildConfiguration section */
		6C3DBF951382F1BA00E6C9AA /* Debug */ = {
			isa = XCBuildConfiguration;
			buildSettings = {
				ALWAYS_SEARCH_USER_PATHS = NO;
				ARCHS = "$(ARCHS_STANDARD_32_BIT)";
				COPY_PHASE_STRIP = NO;
				GCC_C_LANGUAGE_STANDARD = gnu99;
				GCC_DYNAMIC_NO_PIC = NO;
				GCC_OPTIMIZATION_LEVEL = 0;
				GCC_PREPROCESSOR_DEFINITIONS = (
					"DEBUG=1",
					"$(inherited)",
				);
				GCC_SYMBOLS_PRIVATE_EXTERN = NO;
				GCC_VERSION = com.apple.compilers.llvm.clang.1_0;
				GCC_WARN_ABOUT_MISSING_PROTOTYPES = YES;
				GCC_WARN_ABOUT_RETURN_TYPE = YES;
				GCC_WARN_UNUSED_VARIABLE = YES;
				IPHONEOS_DEPLOYMENT_TARGET = 3.2;
				SDKROOT = iphoneos;
			};
			name = Debug;
		};
		6C3DBF961382F1BA00E6C9AA /* Release */ = {
			isa = XCBuildConfiguration;
			buildSettings = {
				ALWAYS_SEARCH_USER_PATHS = NO;
				ARCHS = "$(ARCHS_STANDARD_32_BIT)";
				COPY_PHASE_STRIP = YES;
				GCC_C_LANGUAGE_STANDARD = gnu99;
				GCC_VERSION = com.apple.compilers.llvm.clang.1_0;
				GCC_WARN_ABOUT_MISSING_PROTOTYPES = YES;
				GCC_WARN_ABOUT_RETURN_TYPE = YES;
				GCC_WARN_UNUSED_VARIABLE = YES;
				IPHONEOS_DEPLOYMENT_TARGET = 3.2;
				SDKROOT = iphoneos;
				VALIDATE_PRODUCT = YES;
			};
			name = Release;
		};
		6C3DBF981382F1BA00E6C9AA /* Debug */ = {
			isa = XCBuildConfiguration;
			buildSettings = {
				DSTROOT = /tmp/BlocksKit.dst;
				GCC_PRECOMPILE_PREFIX_HEADER = YES;
				GCC_PREFIX_HEADER = "BlocksKit/BlocksKit-Prefix.pch";
				OTHER_LDFLAGS = "-ObjC";
				PRODUCT_NAME = "$(TARGET_NAME)";
				SKIP_INSTALL = YES;
			};
			name = Debug;
		};
		6C3DBF991382F1BA00E6C9AA /* Release */ = {
			isa = XCBuildConfiguration;
			buildSettings = {
				DSTROOT = /tmp/BlocksKit.dst;
				GCC_PRECOMPILE_PREFIX_HEADER = YES;
				GCC_PREFIX_HEADER = "BlocksKit/BlocksKit-Prefix.pch";
				OTHER_LDFLAGS = "-ObjC";
				PRODUCT_NAME = "$(TARGET_NAME)";
				SKIP_INSTALL = YES;
			};
			name = Release;
		};
/* End XCBuildConfiguration section */

/* Begin XCConfigurationList section */
		6C3DBF871382F1BA00E6C9AA /* Build configuration list for PBXProject "BlocksKit" */ = {
			isa = XCConfigurationList;
			buildConfigurations = (
				6C3DBF951382F1BA00E6C9AA /* Debug */,
				6C3DBF961382F1BA00E6C9AA /* Release */,
			);
			defaultConfigurationIsVisible = 0;
			defaultConfigurationName = Release;
		};
		6C3DBF971382F1BA00E6C9AA /* Build configuration list for PBXNativeTarget "BlocksKit" */ = {
			isa = XCConfigurationList;
			buildConfigurations = (
				6C3DBF981382F1BA00E6C9AA /* Debug */,
				6C3DBF991382F1BA00E6C9AA /* Release */,
			);
			defaultConfigurationIsVisible = 0;
			defaultConfigurationName = Release;
		};
/* End XCConfigurationList section */
	};
	rootObject = 6C3DBF841382F1BA00E6C9AA /* Project object */;
}
